
Microsoft Visual Studio Solution File, Format Version 12.00
# Visual Studio Version 17
VisualStudioVersion = 17.6.33717.318
MinimumVisualStudioVersion = 10.0.40219.1
Project("{9A19103F-16F7-4668-BE54-9A1E7A4F7556}") = "RentMotorcycle", "RentMotorcycle\RentMotorcycle.csproj", "{9089AB82-A5B1-49A3-BBEA-860AD079B569}"
EndProject
Project("{9A19103F-16F7-4668-BE54-9A1E7A4F7556}") = "RentMotorcycle.Application", "RentMotorcycle.Application\RentMotorcycle.Application.csproj", "{F40F48B2-6442-46ED-BF40-F2BF2FB977F0}"
EndProject
Project("{9A19103F-16F7-4668-BE54-9A1E7A4F7556}") = "RentMotorcycle.Infrastructure", "RentMotorcycle.Infrastructure\RentMotorcycle.Infrastructure.csproj", "{2EDC6F9C-047F-4D7D-AB5D-11BBCE36EF70}"
EndProject
Project("{9A19103F-16F7-4668-BE54-9A1E7A4F7556}") = "RentMotorcycle.Application.Tests", "RentMotorcycle.Application.Tests\RentMotorcycle.Application.Tests.csproj", "{D0172CA5-ED16-4561-9216-FEF31C44B0FF}"
EndProject
Project("{9A19103F-16F7-4668-BE54-9A1E7A4F7556}") = "RentMotorcycle.Domain", "RentMotorcycle.Domain\RentMotorcycle.Domain.csproj", "{A49E9ECC-0D29-4627-A6D0-FE9FC546B26B}"
EndProject
Project("{9A19103F-16F7-4668-BE54-9A1E7A4F7556}") = "RentMotorcycle.Data", "RentMotorcycle.Data\RentMotorcycle.Data.csproj", "{683F67DF-B258-4F15-B37D-B011507C298B}"
EndProject
Global
	GlobalSection(SolutionConfigurationPlatforms) = preSolution
		Debug|Any CPU = Debug|Any CPU
		Release|Any CPU = Release|Any CPU
	EndGlobalSection
	GlobalSection(ProjectConfigurationPlatforms) = postSolution
		{9089AB82-A5B1-49A3-BBEA-860AD079B569}.Debug|Any CPU.ActiveCfg = Debug|Any CPU
		{9089AB82-A5B1-49A3-BBEA-860AD079B569}.Debug|Any CPU.Build.0 = Debug|Any CPU
		{9089AB82-A5B1-49A3-BBEA-860AD079B569}.Release|Any CPU.ActiveCfg = Release|Any CPU
		{9089AB82-A5B1-49A3-BBEA-860AD079B569}.Release|Any CPU.Build.0 = Release|Any CPU
		{F40F48B2-6442-46ED-BF40-F2BF2FB977F0}.Debug|Any CPU.ActiveCfg = Debug|Any CPU
		{F40F48B2-6442-46ED-BF40-F2BF2FB977F0}.Debug|Any CPU.Build.0 = Debug|Any CPU
		{F40F48B2-6442-46ED-BF40-F2BF2FB977F0}.Release|Any CPU.ActiveCfg = Release|Any CPU
		{F40F48B2-6442-46ED-BF40-F2BF2FB977F0}.Release|Any CPU.Build.0 = Release|Any CPU
		{2EDC6F9C-047F-4D7D-AB5D-11BBCE36EF70}.Debug|Any CPU.ActiveCfg = Debug|Any CPU
		{2EDC6F9C-047F-4D7D-AB5D-11BBCE36EF70}.Debug|Any CPU.Build.0 = Debug|Any CPU
		{2EDC6F9C-047F-4D7D-AB5D-11BBCE36EF70}.Release|Any CPU.ActiveCfg = Release|Any CPU
		{2EDC6F9C-047F-4D7D-AB5D-11BBCE36EF70}.Release|Any CPU.Build.0 = Release|Any CPU
		{D0172CA5-ED16-4561-9216-FEF31C44B0FF}.Debug|Any CPU.ActiveCfg = Debug|Any CPU
		{D0172CA5-ED16-4561-9216-FEF31C44B0FF}.Debug|Any CPU.Build.0 = Debug|Any CPU
		{D0172CA5-ED16-4561-9216-FEF31C44B0FF}.Release|Any CPU.ActiveCfg = Release|Any CPU
		{D0172CA5-ED16-4561-9216-FEF31C44B0FF}.Release|Any CPU.Build.0 = Release|Any CPU
		{A49E9ECC-0D29-4627-A6D0-FE9FC546B26B}.Debug|Any CPU.ActiveCfg = Debug|Any CPU
		{A49E9ECC-0D29-4627-A6D0-FE9FC546B26B}.Debug|Any CPU.Build.0 = Debug|Any CPU
		{A49E9ECC-0D29-4627-A6D0-FE9FC546B26B}.Release|Any CPU.ActiveCfg = Release|Any CPU
		{A49E9ECC-0D29-4627-A6D0-FE9FC546B26B}.Release|Any CPU.Build.0 = Release|Any CPU
		{683F67DF-B258-4F15-B37D-B011507C298B}.Debug|Any CPU.ActiveCfg = Debug|Any CPU
		{683F67DF-B258-4F15-B37D-B011507C298B}.Debug|Any CPU.Build.0 = Debug|Any CPU
		{683F67DF-B258-4F15-B37D-B011507C298B}.Release|Any CPU.ActiveCfg = Release|Any CPU
		{683F67DF-B258-4F15-B37D-B011507C298B}.Release|Any CPU.Build.0 = Release|Any CPU
	EndGlobalSection
	GlobalSection(SolutionProperties) = preSolution
		HideSolutionNode = FALSE
	EndGlobalSection
	GlobalSection(ExtensibilityGlobals) = postSolution
		SolutionGuid = {EE1993B9-1D1C-4BDE-85FC-635D6124138F}
	EndGlobalSection
EndGlobal
